{
  "name": "noaa-solar-calculator",
  "version": "0.1.0",
  "lockfileVersion": 1,
  "requires": true,
  "dependencies": {
    "luxon": {
      "version": "1.2.1",
      "resolved": "https://registry.npmjs.org/luxon/-/luxon-1.2.1.tgz",
      "integrity": "sha512-ymX+7rWJjYw6jfmtkLqHJmXo+FYC69icT60x+utlzjIOc/U4SNXljUITwH4C1RDP0ZukWf4apHT/d1Ux/4eHPg=="
    }
  }
}
